
Microsoft Visual Studio Solution File, Format Version 12.00
# Visual Studio Version 16
VisualStudioVersion = 16.0.29609.76
MinimumVisualStudioVersion = 10.0.40219.1
Project("{FAE04EC0-301F-11D3-BF4B-00C04F79EFBC}") = "SWKAppCenter.Android", "SWKAppCenter\SWKAppCenter.Android\SWKAppCenter.Android.csproj", "{01B0D7F0-70C9-4DD9-98C6-AE747057D6F2}"
EndProject
Project("{FAE04EC0-301F-11D3-BF4B-00C04F79EFBC}") = "SWKAppCenter.iOS", "SWKAppCenter\SWKAppCenter.iOS\SWKAppCenter.iOS.csproj", "{A2B55B67-CC97-40ED-841F-945F12299E1D}"
EndProject
Project("{FAE04EC0-301F-11D3-BF4B-00C04F79EFBC}") = "SWKAppCenter", "SWKAppCenter\SWKAppCenter\SWKAppCenter.csproj", "{10A2BBDE-FEC3-4D9B-816E-5B33514D08AE}"
EndProject
Global
	GlobalSection(SolutionConfigurationPlatforms) = preSolution
		Debug|Any CPU = Debug|Any CPU
		Debug|iPhone = Debug|iPhone
		Debug|iPhoneSimulator = Debug|iPhoneSimulator
		Release|Any CPU = Release|Any CPU
		Release|iPhone = Release|iPhone
		Release|iPhoneSimulator = Release|iPhoneSimulator
	EndGlobalSection
	GlobalSection(ProjectConfigurationPlatforms) = postSolution
		{01B0D7F0-70C9-4DD9-98C6-AE747057D6F2}.Debug|Any CPU.ActiveCfg = Debug|Any CPU
		{01B0D7F0-70C9-4DD9-98C6-AE747057D6F2}.Debug|Any CPU.Build.0 = Debug|Any CPU
		{01B0D7F0-70C9-4DD9-98C6-AE747057D6F2}.Debug|Any CPU.Deploy.0 = Debug|Any CPU
		{01B0D7F0-70C9-4DD9-98C6-AE747057D6F2}.Debug|iPhone.ActiveCfg = Debug|Any CPU
		{01B0D7F0-70C9-4DD9-98C6-AE747057D6F2}.Debug|iPhone.Build.0 = Debug|Any CPU
		{01B0D7F0-70C9-4DD9-98C6-AE747057D6F2}.Debug|iPhone.Deploy.0 = Debug|Any CPU
		{01B0D7F0-70C9-4DD9-98C6-AE747057D6F2}.Debug|iPhoneSimulator.ActiveCfg = Debug|Any CPU
		{01B0D7F0-70C9-4DD9-98C6-AE747057D6F2}.Debug|iPhoneSimulator.Build.0 = Debug|Any CPU
		{01B0D7F0-70C9-4DD9-98C6-AE747057D6F2}.Debug|iPhoneSimulator.Deploy.0 = Debug|Any CPU
		{01B0D7F0-70C9-4DD9-98C6-AE747057D6F2}.Release|Any CPU.ActiveCfg = Release|Any CPU
		{01B0D7F0-70C9-4DD9-98C6-AE747057D6F2}.Release|Any CPU.Build.0 = Release|Any CPU
		{01B0D7F0-70C9-4DD9-98C6-AE747057D6F2}.Release|Any CPU.Deploy.0 = Release|Any CPU
		{01B0D7F0-70C9-4DD9-98C6-AE747057D6F2}.Release|iPhone.ActiveCfg = Release|Any CPU
		{01B0D7F0-70C9-4DD9-98C6-AE747057D6F2}.Release|iPhone.Build.0 = Release|Any CPU
		{01B0D7F0-70C9-4DD9-98C6-AE747057D6F2}.Release|iPhone.Deploy.0 = Release|Any CPU
		{01B0D7F0-70C9-4DD9-98C6-AE747057D6F2}.Release|iPhoneSimulator.ActiveCfg = Release|Any CPU
		{01B0D7F0-70C9-4DD9-98C6-AE747057D6F2}.Release|iPhoneSimulator.Build.0 = Release|Any CPU
		{01B0D7F0-70C9-4DD9-98C6-AE747057D6F2}.Release|iPhoneSimulator.Deploy.0 = Release|Any CPU
		{A2B55B67-CC97-40ED-841F-945F12299E1D}.Debug|Any CPU.ActiveCfg = Debug|iPhoneSimulator
		{A2B55B67-CC97-40ED-841F-945F12299E1D}.Debug|Any CPU.Build.0 = Debug|iPhoneSimulator
		{A2B55B67-CC97-40ED-841F-945F12299E1D}.Debug|Any CPU.Deploy.0 = Debug|iPhoneSimulator
		{A2B55B67-CC97-40ED-841F-945F12299E1D}.Debug|iPhone.ActiveCfg = Debug|iPhone
		{A2B55B67-CC97-40ED-841F-945F12299E1D}.Debug|iPhone.Build.0 = Debug|iPhone
		{A2B55B67-CC97-40ED-841F-945F12299E1D}.Debug|iPhone.Deploy.0 = Debug|iPhone
		{A2B55B67-CC97-40ED-841F-945F12299E1D}.Debug|iPhoneSimulator.ActiveCfg = Debug|iPhoneSimulator
		{A2B55B67-CC97-40ED-841F-945F12299E1D}.Debug|iPhoneSimulator.Build.0 = Debug|iPhoneSimulator
		{A2B55B67-CC97-40ED-841F-945F12299E1D}.Debug|iPhoneSimulator.Deploy.0 = Debug|iPhoneSimulator
		{A2B55B67-CC97-40ED-841F-945F12299E1D}.Release|Any CPU.ActiveCfg = Release|iPhone
		{A2B55B67-CC97-40ED-841F-945F12299E1D}.Release|Any CPU.Build.0 = Release|iPhone
		{A2B55B67-CC97-40ED-841F-945F12299E1D}.Release|Any CPU.Deploy.0 = Release|iPhone
		{A2B55B67-CC97-40ED-841F-945F12299E1D}.Release|iPhone.ActiveCfg = Release|iPhone
		{A2B55B67-CC97-40ED-841F-945F12299E1D}.Release|iPhone.Build.0 = Release|iPhone
		{A2B55B67-CC97-40ED-841F-945F12299E1D}.Release|iPhone.Deploy.0 = Release|iPhone
		{A2B55B67-CC97-40ED-841F-945F12299E1D}.Release|iPhoneSimulator.ActiveCfg = Release|iPhoneSimulator
		{A2B55B67-CC97-40ED-841F-945F12299E1D}.Release|iPhoneSimulator.Build.0 = Release|iPhoneSimulator
		{A2B55B67-CC97-40ED-841F-945F12299E1D}.Release|iPhoneSimulator.Deploy.0 = Release|iPhoneSimulator
		{10A2BBDE-FEC3-4D9B-816E-5B33514D08AE}.Debug|Any CPU.ActiveCfg = Debug|Any CPU
		{10A2BBDE-FEC3-4D9B-816E-5B33514D08AE}.Debug|Any CPU.Build.0 = Debug|Any CPU
		{10A2BBDE-FEC3-4D9B-816E-5B33514D08AE}.Debug|Any CPU.Deploy.0 = Debug|Any CPU
		{10A2BBDE-FEC3-4D9B-816E-5B33514D08AE}.Debug|iPhone.ActiveCfg = Debug|Any CPU
		{10A2BBDE-FEC3-4D9B-816E-5B33514D08AE}.Debug|iPhone.Build.0 = Debug|Any CPU
		{10A2BBDE-FEC3-4D9B-816E-5B33514D08AE}.Debug|iPhone.Deploy.0 = Debug|Any CPU
		{10A2BBDE-FEC3-4D9B-816E-5B33514D08AE}.Debug|iPhoneSimulator.ActiveCfg = Debug|Any CPU
		{10A2BBDE-FEC3-4D9B-816E-5B33514D08AE}.Debug|iPhoneSimulator.Build.0 = Debug|Any CPU
		{10A2BBDE-FEC3-4D9B-816E-5B33514D08AE}.Debug|iPhoneSimulator.Deploy.0 = Debug|Any CPU
		{10A2BBDE-FEC3-4D9B-816E-5B33514D08AE}.Release|Any CPU.ActiveCfg = Release|Any CPU
		{10A2BBDE-FEC3-4D9B-816E-5B33514D08AE}.Release|Any CPU.Build.0 = Release|Any CPU
		{10A2BBDE-FEC3-4D9B-816E-5B33514D08AE}.Release|Any CPU.Deploy.0 = Release|Any CPU
		{10A2BBDE-FEC3-4D9B-816E-5B33514D08AE}.Release|iPhone.ActiveCfg = Release|Any CPU
		{10A2BBDE-FEC3-4D9B-816E-5B33514D08AE}.Release|iPhone.Build.0 = Release|Any CPU
		{10A2BBDE-FEC3-4D9B-816E-5B33514D08AE}.Release|iPhone.Deploy.0 = Release|Any CPU
		{10A2BBDE-FEC3-4D9B-816E-5B33514D08AE}.Release|iPhoneSimulator.ActiveCfg = Release|Any CPU
		{10A2BBDE-FEC3-4D9B-816E-5B33514D08AE}.Release|iPhoneSimulator.Build.0 = Release|Any CPU
		{10A2BBDE-FEC3-4D9B-816E-5B33514D08AE}.Release|iPhoneSimulator.Deploy.0 = Release|Any CPU
	EndGlobalSection
	GlobalSection(SolutionProperties) = preSolution
		HideSolutionNode = FALSE
	EndGlobalSection
	GlobalSection(ExtensibilityGlobals) = postSolution
		SolutionGuid = {A2687A1E-6A01-4205-B83A-DA23A40EDA74}
	EndGlobalSection
EndGlobal
